
Microsoft Visual Studio Solution File, Format Version 12.00
# Visual Studio Version 17
VisualStudioVersion = 17.10.35122.118
MinimumVisualStudioVersion = 10.0.40219.1
Project("{FAE04EC0-301F-11D3-BF4B-00C04F79EFBC}") = "28-7-2024", "28-7-2024\28-7-2024.csproj", "{77725047-65E5-4C6B-92AC-E38498322D64}"
EndProject
Global
	GlobalSection(SolutionConfigurationPlatforms) = preSolution
		Debug|Any CPU = Debug|Any CPU
		Release|Any CPU = Release|Any CPU
	EndGlobalSection
	GlobalSection(ProjectConfigurationPlatforms) = postSolution
		{77725047-65E5-4C6B-92AC-E38498322D64}.Debug|Any CPU.ActiveCfg = Debug|Any CPU
		{77725047-65E5-4C6B-92AC-E38498322D64}.Debug|Any CPU.Build.0 = Debug|Any CPU
		{77725047-65E5-4C6B-92AC-E38498322D64}.Release|Any CPU.ActiveCfg = Release|Any CPU
		{77725047-65E5-4C6B-92AC-E38498322D64}.Release|Any CPU.Build.0 = Release|Any CPU
	EndGlobalSection
	GlobalSection(SolutionProperties) = preSolution
		HideSolutionNode = FALSE
	EndGlobalSection
	GlobalSection(ExtensibilityGlobals) = postSolution
		SolutionGuid = {89820744-D1DD-4A03-B2AA-76224E46777B}
	EndGlobalSection
EndGlobal
